
Microsoft Visual Studio Solution File, Format Version 12.00
# Visual Studio Version 16
VisualStudioVersion = 16.0.31624.102
MinimumVisualStudioVersion = 10.0.40219.1
Project("{FAE04EC0-301F-11D3-BF4B-00C04F79EFBC}") = "IDZ_CLIENT", "IDZ_CLIENT.csproj", "{CE72A985-A38F-47E7-89D7-83227DA98CFE}"
EndProject
Project("{FAE04EC0-301F-11D3-BF4B-00C04F79EFBC}") = "IDZ_SERVER", "..\IDZ_SERVER\IDZ_SERVER.csproj", "{BB5081F6-D2BA-41C8-BBC5-EA9273C2D6EC}"
EndProject
Global
	GlobalSection(SolutionConfigurationPlatforms) = preSolution
		Debug|Any CPU = Debug|Any CPU
		Release|Any CPU = Release|Any CPU
	EndGlobalSection
	GlobalSection(ProjectConfigurationPlatforms) = postSolution
		{CE72A985-A38F-47E7-89D7-83227DA98CFE}.Debug|Any CPU.ActiveCfg = Debug|Any CPU
		{CE72A985-A38F-47E7-89D7-83227DA98CFE}.Debug|Any CPU.Build.0 = Debug|Any CPU
		{CE72A985-A38F-47E7-89D7-83227DA98CFE}.Release|Any CPU.ActiveCfg = Release|Any CPU
		{CE72A985-A38F-47E7-89D7-83227DA98CFE}.Release|Any CPU.Build.0 = Release|Any CPU
		{BB5081F6-D2BA-41C8-BBC5-EA9273C2D6EC}.Debug|Any CPU.ActiveCfg = Debug|Any CPU
		{BB5081F6-D2BA-41C8-BBC5-EA9273C2D6EC}.Debug|Any CPU.Build.0 = Debug|Any CPU
		{BB5081F6-D2BA-41C8-BBC5-EA9273C2D6EC}.Release|Any CPU.ActiveCfg = Release|Any CPU
		{BB5081F6-D2BA-41C8-BBC5-EA9273C2D6EC}.Release|Any CPU.Build.0 = Release|Any CPU
	EndGlobalSection
	GlobalSection(SolutionProperties) = preSolution
		HideSolutionNode = FALSE
	EndGlobalSection
	GlobalSection(ExtensibilityGlobals) = postSolution
		SolutionGuid = {3ECF4F2E-DA86-47FB-8CE7-90A39265358E}
	EndGlobalSection
EndGlobal
